// !$*UTF8*$!
{
	archiveVersion = 1;
	classes = {
	};
	objectVersion = 50;
	objects = {

/* Begin PBXBuildFile section */
		1CD01B8425815D2C009B7748 /* AppDelegate.swift in Sources */ = {isa = PBXBuildFile; fileRef = 1CD01B8325815D2C009B7748 /* AppDelegate.swift */; };
		1CD01B8625815D2C009B7748 /* SceneDelegate.swift in Sources */ = {isa = PBXBuildFile; fileRef = 1CD01B8525815D2C009B7748 /* SceneDelegate.swift */; };
		1CD01B8825815D2C009B7748 /* ViewController.swift in Sources */ = {isa = PBXBuildFile; fileRef = 1CD01B8725815D2C009B7748 /* ViewController.swift */; };
		1CD01B8B25815D2C009B7748 /* Main.storyboard in Resources */ = {isa = PBXBuildFile; fileRef = 1CD01B8925815D2C009B7748 /* Main.storyboard */; };
		1CD01B8D25815D2F009B7748 /* Assets.xcassets in Resources */ = {isa = PBXBuildFile; fileRef = 1CD01B8C25815D2F009B7748 /* Assets.xcassets */; };
		1CD01B9025815D2F009B7748 /* LaunchScreen.storyboard in Resources */ = {isa = PBXBuildFile; fileRef = 1CD01B8E25815D2F009B7748 /* LaunchScreen.storyboard */; };
		1CD01B9A25815D6B009B7748 /* Cell.swift in Sources */ = {isa = PBXBuildFile; fileRef = 1CD01B9925815D6B009B7748 /* Cell.swift */; };
		1CD01B9F25815ED6009B7748 /* Knight.swift in Sources */ = {isa = PBXBuildFile; fileRef = 1CD01B9E25815ED6009B7748 /* Knight.swift */; };
		1CD01BA225815F70009B7748 /* Piece.swift in Sources */ = {isa = PBXBuildFile; fileRef = 1CD01BA125815F70009B7748 /* Piece.swift */; };
		1CD01BA925816511009B7748 /* Configuration.swift in Sources */ = {isa = PBXBuildFile; fileRef = 1CD01BA825816511009B7748 /* Configuration.swift */; };
		1CD01BAC258167CC009B7748 /* Game.swift in Sources */ = {isa = PBXBuildFile; fileRef = 1CD01BAB258167CC009B7748 /* Game.swift */; };
		1CD01BAF25816C71009B7748 /* SolutionEngine.swift in Sources */ = {isa = PBXBuildFile; fileRef = 1CD01BAE25816C71009B7748 /* SolutionEngine.swift */; };
		1CD01BB325816D4C009B7748 /* Stack.swift in Sources */ = {isa = PBXBuildFile; fileRef = 1CD01BB225816D4C009B7748 /* Stack.swift */; };
		1CD01BBE2581A288009B7748 /* Path.swift in Sources */ = {isa = PBXBuildFile; fileRef = 1CD01BBD2581A288009B7748 /* Path.swift */; };
		1CD01BDE25822857009B7748 /* chessKnightTests.swift in Sources */ = {isa = PBXBuildFile; fileRef = 1CD01BC8258225F4009B7748 /* chessKnightTests.swift */; };
		1CD01BED25825BED009B7748 /* PathsDisplayViewController.swift in Sources */ = {isa = PBXBuildFile; fileRef = 1CD01BEC25825BED009B7748 /* PathsDisplayViewController.swift */; };
		1CD92B022582C6FA00FAC266 /* ChessBoardUIView.swift in Sources */ = {isa = PBXBuildFile; fileRef = 1CD92B012582C6FA00FAC266 /* ChessBoardUIView.swift */; };
		1CD92B062582F84100FAC266 /* ChessBoardDelegate.swift in Sources */ = {isa = PBXBuildFile; fileRef = 1CD92B052582F84100FAC266 /* ChessBoardDelegate.swift */; };
		1CD92B0A258303EE00FAC266 /* ViewControllerPresenter.swift in Sources */ = {isa = PBXBuildFile; fileRef = 1CD92B09258303EE00FAC266 /* ViewControllerPresenter.swift */; };
/* End PBXBuildFile section */

/* Begin PBXContainerItemProxy section */
		1CD01BCB258225F4009B7748 /* PBXContainerItemProxy */ = {
			isa = PBXContainerItemProxy;
			containerPortal = 1CD01B7825815D2C009B7748 /* Project object */;
			proxyType = 1;
			remoteGlobalIDString = 1CD01B7F25815D2C009B7748;
			remoteInfo = chessKnight;
		};
/* End PBXContainerItemProxy section */

/* Begin PBXFileReference section */
		1CD01B8025815D2C009B7748 /* chessKnight.app */ = {isa = PBXFileReference; explicitFileType = wrapper.application; includeInIndex = 0; path = chessKnight.app; sourceTree = BUILT_PRODUCTS_DIR; };
		1CD01B8325815D2C009B7748 /* AppDelegate.swift */ = {isa = PBXFileReference; lastKnownFileType = sourcecode.swift; path = AppDelegate.swift; sourceTree = "<group>"; };
		1CD01B8525815D2C009B7748 /* SceneDelegate.swift */ = {isa = PBXFileReference; lastKnownFileType = sourcecode.swift; path = SceneDelegate.swift; sourceTree = "<group>"; };
		1CD01B8725815D2C009B7748 /* ViewController.swift */ = {isa = PBXFileReference; lastKnownFileType = sourcecode.swift; path = ViewController.swift; sourceTree = "<group>"; };
		1CD01B8A25815D2C009B7748 /* Base */ = {isa = PBXFileReference; lastKnownFileType = file.storyboard; name = Base; path = Base.lproj/Main.storyboard; sourceTree = "<group>"; };
		1CD01B8C25815D2F009B7748 /* Assets.xcassets */ = {isa = PBXFileReference; lastKnownFileType = folder.assetcatalog; path = Assets.xcassets; sourceTree = "<group>"; };
		1CD01B8F25815D2F009B7748 /* Base */ = {isa = PBXFileReference; lastKnownFileType = file.storyboard; name = Base; path = Base.lproj/LaunchScreen.storyboard; sourceTree = "<group>"; };
		1CD01B9125815D2F009B7748 /* Info.plist */ = {isa = PBXFileReference; lastKnownFileType = text.plist.xml; path = Info.plist; sourceTree = "<group>"; };
		1CD01B9925815D6B009B7748 /* Cell.swift */ = {isa = PBXFileReference; lastKnownFileType = sourcecode.swift; path = Cell.swift; sourceTree = "<group>"; };
		1CD01B9E25815ED6009B7748 /* Knight.swift */ = {isa = PBXFileReference; lastKnownFileType = sourcecode.swift; path = Knight.swift; sourceTree = "<group>"; };
		1CD01BA125815F70009B7748 /* Piece.swift */ = {isa = PBXFileReference; lastKnownFileType = sourcecode.swift; path = Piece.swift; sourceTree = "<group>"; };
		1CD01BA825816511009B7748 /* Configuration.swift */ = {isa = PBXFileReference; lastKnownFileType = sourcecode.swift; path = Configuration.swift; sourceTree = "<group>"; };
		1CD01BAB258167CC009B7748 /* Game.swift */ = {isa = PBXFileReference; lastKnownFileType = sourcecode.swift; path = Game.swift; sourceTree = "<group>"; };
		1CD01BAE25816C71009B7748 /* SolutionEngine.swift */ = {isa = PBXFileReference; lastKnownFileType = sourcecode.swift; path = SolutionEngine.swift; sourceTree = "<group>"; };
		1CD01BB225816D4C009B7748 /* Stack.swift */ = {isa = PBXFileReference; lastKnownFileType = sourcecode.swift; path = Stack.swift; sourceTree = "<group>"; };
		1CD01BBD2581A288009B7748 /* Path.swift */ = {isa = PBXFileReference; lastKnownFileType = sourcecode.swift; path = Path.swift; sourceTree = "<group>"; };
		1CD01BC6258225F4009B7748 /* chessKnightTests.xctest */ = {isa = PBXFileReference; explicitFileType = wrapper.cfbundle; includeInIndex = 0; path = chessKnightTests.xctest; sourceTree = BUILT_PRODUCTS_DIR; };
		1CD01BC8258225F4009B7748 /* chessKnightTests.swift */ = {isa = PBXFileReference; lastKnownFileType = sourcecode.swift; path = chessKnightTests.swift; sourceTree = "<group>"; };
		1CD01BCA258225F4009B7748 /* Info.plist */ = {isa = PBXFileReference; lastKnownFileType = text.plist.xml; path = Info.plist; sourceTree = "<group>"; };
		1CD01BEC25825BED009B7748 /* PathsDisplayViewController.swift */ = {isa = PBXFileReference; lastKnownFileType = sourcecode.swift; path = PathsDisplayViewController.swift; sourceTree = "<group>"; };
		1CD92B012582C6FA00FAC266 /* ChessBoardUIView.swift */ = {isa = PBXFileReference; lastKnownFileType = sourcecode.swift; path = ChessBoardUIView.swift; sourceTree = "<group>"; };
		1CD92B052582F84100FAC266 /* ChessBoardDelegate.swift */ = {isa = PBXFileReference; lastKnownFileType = sourcecode.swift; path = ChessBoardDelegate.swift; sourceTree = "<group>"; };
		1CD92B09258303EE00FAC266 /* ViewControllerPresenter.swift */ = {isa = PBXFileReference; lastKnownFileType = sourcecode.swift; path = ViewControllerPresenter.swift; sourceTree = "<group>"; };
/* End PBXFileReference section */

/* Begin PBXFrameworksBuildPhase section */
		1CD01B7D25815D2C009B7748 /* Frameworks */ = {
			isa = PBXFrameworksBuildPhase;
			buildActionMask = 2147483647;
			files = (
			);
			runOnlyForDeploymentPostprocessing = 0;
		};
		1CD01BC3258225F4009B7748 /* Frameworks */ = {
			isa = PBXFrameworksBuildPhase;
			buildActionMask = 2147483647;
			files = (
			);
			runOnlyForDeploymentPostprocessing = 0;
		};
/* End PBXFrameworksBuildPhase section */

/* Begin PBXGroup section */
		1CD01B7725815D2C009B7748 = {
			isa = PBXGroup;
			children = (
				1CD01B8225815D2C009B7748 /* chessKnight */,
				1CD01BC7258225F4009B7748 /* chessKnightTests */,
				1CD01B8125815D2C009B7748 /* Products */,
			);
			sourceTree = "<group>";
		};
		1CD01B8125815D2C009B7748 /* Products */ = {
			isa = PBXGroup;
			children = (
				1CD01B8025815D2C009B7748 /* chessKnight.app */,
				1CD01BC6258225F4009B7748 /* chessKnightTests.xctest */,
			);
			name = Products;
			sourceTree = "<group>";
		};
		1CD01B8225815D2C009B7748 /* chessKnight */ = {
			isa = PBXGroup;
			children = (
				1CD01BC02581A521009B7748 /* scene */,
				1CD01BB125816D37009B7748 /* dataStracture */,
				1CD01B9825815D50009B7748 /* model */,
				1CD01B8325815D2C009B7748 /* AppDelegate.swift */,
				1CD01B8525815D2C009B7748 /* SceneDelegate.swift */,
				1CD01B8925815D2C009B7748 /* Main.storyboard */,
				1CD01B8C25815D2F009B7748 /* Assets.xcassets */,
				1CD01B8E25815D2F009B7748 /* LaunchScreen.storyboard */,
				1CD01B9125815D2F009B7748 /* Info.plist */,
			);
			path = chessKnight;
			sourceTree = "<group>";
		};
		1CD01B9825815D50009B7748 /* model */ = {
			isa = PBXGroup;
			children = (
				1CD01B9925815D6B009B7748 /* Cell.swift */,
				1CD01B9E25815ED6009B7748 /* Knight.swift */,
				1CD01BA125815F70009B7748 /* Piece.swift */,
				1CD01BA825816511009B7748 /* Configuration.swift */,
				1CD01BAB258167CC009B7748 /* Game.swift */,
				1CD01BAE25816C71009B7748 /* SolutionEngine.swift */,
				1CD01BBD2581A288009B7748 /* Path.swift */,
			);
			path = model;
			sourceTree = "<group>";
		};
		1CD01BB125816D37009B7748 /* dataStracture */ = {
			isa = PBXGroup;
			children = (
				1CD01BB225816D4C009B7748 /* Stack.swift */,
			);
			path = dataStracture;
			sourceTree = "<group>";
		};
		1CD01BC02581A521009B7748 /* scene */ = {
			isa = PBXGroup;
			children = (
				1CD01BEB25825B62009B7748 /* resultPaths */,
				1CD01BEA25825B53009B7748 /* playground */,
			);
			path = scene;
			sourceTree = "<group>";
		};
		1CD01BC7258225F4009B7748 /* chessKnightTests */ = {
			isa = PBXGroup;
			children = (
				1CD01BC8258225F4009B7748 /* chessKnightTests.swift */,
				1CD01BCA258225F4009B7748 /* Info.plist */,
			);
			path = chessKnightTests;
			sourceTree = "<group>";
		};
		1CD01BEA25825B53009B7748 /* playground */ = {
			isa = PBXGroup;
			children = (
				1CD92B002582C6D500FAC266 /* customView */,
				1CD01B8725815D2C009B7748 /* ViewController.swift */,
				1CD92B09258303EE00FAC266 /* ViewControllerPresenter.swift */,
			);
			path = playground;
			sourceTree = "<group>";
		};
		1CD01BEB25825B62009B7748 /* resultPaths */ = {
			isa = PBXGroup;
			children = (
				1CD01BEC25825BED009B7748 /* PathsDisplayViewController.swift */,
			);
			path = resultPaths;
			sourceTree = "<group>";
		};
		1CD92B002582C6D500FAC266 /* customView */ = {
			isa = PBXGroup;
			children = (
				1CD92B012582C6FA00FAC266 /* ChessBoardUIView.swift */,
				1CD92B052582F84100FAC266 /* ChessBoardDelegate.swift */,
			);
			path = customView;
			sourceTree = "<group>";
		};
/* End PBXGroup section */

/* Begin PBXNativeTarget section */
		1CD01B7F25815D2C009B7748 /* chessKnight */ = {
			isa = PBXNativeTarget;
			buildConfigurationList = 1CD01B9425815D2F009B7748 /* Build configuration list for PBXNativeTarget "chessKnight" */;
			buildPhases = (
				1CD01B7C25815D2C009B7748 /* Sources */,
				1CD01B7D25815D2C009B7748 /* Frameworks */,
				1CD01B7E25815D2C009B7748 /* Resources */,
			);
			buildRules = (
			);
			dependencies = (
			);
			name = chessKnight;
			productName = chessKnight;
			productReference = 1CD01B8025815D2C009B7748 /* chessKnight.app */;
			productType = "com.apple.product-type.application";
		};
		1CD01BC5258225F4009B7748 /* chessKnightTests */ = {
			isa = PBXNativeTarget;
			buildConfigurationList = 1CD01BCD258225F4009B7748 /* Build configuration list for PBXNativeTarget "chessKnightTests" */;
			buildPhases = (
				1CD01BC2258225F4009B7748 /* Sources */,
				1CD01BC3258225F4009B7748 /* Frameworks */,
				1CD01BC4258225F4009B7748 /* Resources */,
			);
			buildRules = (
			);
			dependencies = (
				1CD01BCC258225F4009B7748 /* PBXTargetDependency */,
			);
			name = chessKnightTests;
			productName = chessKnightTests;
			productReference = 1CD01BC6258225F4009B7748 /* chessKnightTests.xctest */;
			productType = "com.apple.product-type.bundle.unit-test";
		};
/* End PBXNativeTarget section */

/* Begin PBXProject section */
		1CD01B7825815D2C009B7748 /* Project object */ = {
			isa = PBXProject;
			attributes = {
				LastSwiftUpdateCheck = 1220;
				LastUpgradeCheck = 1220;
				TargetAttributes = {
					1CD01B7F25815D2C009B7748 = {
						CreatedOnToolsVersion = 12.2;
					};
					1CD01BC5258225F4009B7748 = {
						CreatedOnToolsVersion = 12.2;
						TestTargetID = 1CD01B7F25815D2C009B7748;
					};
				};
			};
			buildConfigurationList = 1CD01B7B25815D2C009B7748 /* Build configuration list for PBXProject "chessKnight" */;
			compatibilityVersion = "Xcode 9.3";
			developmentRegion = en;
			hasScannedForEncodings = 0;
			knownRegions = (
				en,
				Base,
			);
			mainGroup = 1CD01B7725815D2C009B7748;
			productRefGroup = 1CD01B8125815D2C009B7748 /* Products */;
			projectDirPath = "";
			projectRoot = "";
			targets = (
				1CD01B7F25815D2C009B7748 /* chessKnight */,
				1CD01BC5258225F4009B7748 /* chessKnightTests */,
			);
		};
/* End PBXProject section */

/* Begin PBXResourcesBuildPhase section */
		1CD01B7E25815D2C009B7748 /* Resources */ = {
			isa = PBXResourcesBuildPhase;
			buildActionMask = 2147483647;
			files = (
				1CD01B9025815D2F009B7748 /* LaunchScreen.storyboard in Resources */,
				1CD01B8D25815D2F009B7748 /* Assets.xcassets in Resources */,
				1CD01B8B25815D2C009B7748 /* Main.storyboard in Resources */,
			);
			runOnlyForDeploymentPostprocessing = 0;
		};
		1CD01BC4258225F4009B7748 /* Resources */ = {
			isa = PBXResourcesBuildPhase;
			buildActionMask = 2147483647;
			files = (
			);
			runOnlyForDeploymentPostprocessing = 0;
		};
/* End PBXResourcesBuildPhase section */

/* Begin PBXSourcesBuildPhase section */
		1CD01B7C25815D2C009B7748 /* Sources */ = {
			isa = PBXSourcesBuildPhase;
			buildActionMask = 2147483647;
			files = (
				1CD01BED25825BED009B7748 /* PathsDisplayViewController.swift in Sources */,
				1CD01BAF25816C71009B7748 /* SolutionEngine.swift in Sources */,
				1CD01BBE2581A288009B7748 /* Path.swift in Sources */,
				1CD92B0A258303EE00FAC266 /* ViewControllerPresenter.swift in Sources */,
				1CD01B8825815D2C009B7748 /* ViewController.swift in Sources */,
				1CD01B9A25815D6B009B7748 /* Cell.swift in Sources */,
				1CD01BA925816511009B7748 /* Configuration.swift in Sources */,
				1CD01BA225815F70009B7748 /* Piece.swift in Sources */,
				1CD01B8425815D2C009B7748 /* AppDelegate.swift in Sources */,
				1CD92B062582F84100FAC266 /* ChessBoardDelegate.swift in Sources */,
				1CD01BB325816D4C009B7748 /* Stack.swift in Sources */,
				1CD92B022582C6FA00FAC266 /* ChessBoardUIView.swift in Sources */,
				1CD01B8625815D2C009B7748 /* SceneDelegate.swift in Sources */,
				1CD01B9F25815ED6009B7748 /* Knight.swift in Sources */,
				1CD01BAC258167CC009B7748 /* Game.swift in Sources */,
			);
			runOnlyForDeploymentPostprocessing = 0;
		};
		1CD01BC2258225F4009B7748 /* Sources */ = {
			isa = PBXSourcesBuildPhase;
			buildActionMask = 2147483647;
			files = (
				1CD01BDE25822857009B7748 /* chessKnightTests.swift in Sources */,
			);
			runOnlyForDeploymentPostprocessing = 0;
		};
/* End PBXSourcesBuildPhase section */

/* Begin PBXTargetDependency section */
		1CD01BCC258225F4009B7748 /* PBXTargetDependency */ = {
			isa = PBXTargetDependency;
			target = 1CD01B7F25815D2C009B7748 /* chessKnight */;
			targetProxy = 1CD01BCB258225F4009B7748 /* PBXContainerItemProxy */;
		};
/* End PBXTargetDependency section */

/* Begin PBXVariantGroup section */
		1CD01B8925815D2C009B7748 /* Main.storyboard */ = {
			isa = PBXVariantGroup;
			children = (
				1CD01B8A25815D2C009B7748 /* Base */,
			);
			name = Main.storyboard;
			sourceTree = "<group>";
		};
		1CD01B8E25815D2F009B7748 /* LaunchScreen.storyboard */ = {
			isa = PBXVariantGroup;
			children = (
				1CD01B8F25815D2F009B7748 /* Base */,
			);
			name = LaunchScreen.storyboard;
			sourceTree = "<group>";
		};
/* End PBXVariantGroup section */

/* Begin XCBuildConfiguration section */
		1CD01B9225815D2F009B7748 /* Debug */ = {
			isa = XCBuildConfiguration;
			buildSettings = {
				ALWAYS_SEARCH_USER_PATHS = NO;
				CLANG_ANALYZER_NONNULL = YES;
				CLANG_ANALYZER_NUMBER_OBJECT_CONVERSION = YES_AGGRESSIVE;
				CLANG_CXX_LANGUAGE_STANDARD = "gnu++14";
				CLANG_CXX_LIBRARY = "libc++";
				CLANG_ENABLE_MODULES = YES;
				CLANG_ENABLE_OBJC_ARC = YES;
				CLANG_ENABLE_OBJC_WEAK = YES;
				CLANG_WARN_BLOCK_CAPTURE_AUTORELEASING = YES;
				CLANG_WARN_BOOL_CONVERSION = YES;
				CLANG_WARN_COMMA = YES;
				CLANG_WARN_CONSTANT_CONVERSION = YES;
				CLANG_WARN_DEPRECATED_OBJC_IMPLEMENTATIONS = YES;
				CLANG_WARN_DIRECT_OBJC_ISA_USAGE = YES_ERROR;
				CLANG_WARN_DOCUMENTATION_COMMENTS = YES;
				CLANG_WARN_EMPTY_BODY = YES;
				CLANG_WARN_ENUM_CONVERSION = YES;
				CLANG_WARN_INFINITE_RECURSION = YES;
				CLANG_WARN_INT_CONVERSION = YES;
				CLANG_WARN_NON_LITERAL_NULL_CONVERSION = YES;
				CLANG_WARN_OBJC_IMPLICIT_RETAIN_SELF = YES;
				CLANG_WARN_OBJC_LITERAL_CONVERSION = YES;
				CLANG_WARN_OBJC_ROOT_CLASS = YES_ERROR;
				CLANG_WARN_QUOTED_INCLUDE_IN_FRAMEWORK_HEADER = YES;
				CLANG_WARN_RANGE_LOOP_ANALYSIS = YES;
				CLANG_WARN_STRICT_PROTOTYPES = YES;
				CLANG_WARN_SUSPICIOUS_MOVE = YES;
				CLANG_WARN_UNGUARDED_AVAILABILITY = YES_AGGRESSIVE;
				CLANG_WARN_UNREACHABLE_CODE = YES;
				CLANG_WARN__DUPLICATE_METHOD_MATCH = YES;
				COPY_PHASE_STRIP = NO;
				DEBUG_INFORMATION_FORMAT = dwarf;
				ENABLE_STRICT_OBJC_MSGSEND = YES;
				ENABLE_TESTABILITY = YES;
				GCC_C_LANGUAGE_STANDARD = gnu11;
				GCC_DYNAMIC_NO_PIC = NO;
				GCC_NO_COMMON_BLOCKS = YES;
				GCC_OPTIMIZATION_LEVEL = 0;
				GCC_PREPROCESSOR_DEFINITIONS = (
					"DEBUG=1",
					"$(inherited)",
				);
				GCC_WARN_64_TO_32_BIT_CONVERSION = YES;
				GCC_WARN_ABOUT_RETURN_TYPE = YES_ERROR;
				GCC_WARN_UNDECLARED_SELECTOR = YES;
				GCC_WARN_UNINITIALIZED_AUTOS = YES_AGGRESSIVE;
				GCC_WARN_UNUSED_FUNCTION = YES;
				GCC_WARN_UNUSED_VARIABLE = YES;
				IPHONEOS_DEPLOYMENT_TARGET = 14.2;
				MTL_ENABLE_DEBUG_INFO = INCLUDE_SOURCE;
				MTL_FAST_MATH = YES;
				ONLY_ACTIVE_ARCH = YES;
				SDKROOT = iphoneos;
				SWIFT_ACTIVE_COMPILATION_CONDITIONS = DEBUG;
				SWIFT_OPTIMIZATION_LEVEL = "-Onone";
			};
			name = Debug;
		};
		1CD01B9325815D2F009B7748 /* Release */ = {
			isa = XCBuildConfiguration;
			buildSettings = {
				ALWAYS_SEARCH_USER_PATHS = NO;
				CLANG_ANALYZER_NONNULL = YES;
				CLANG_ANALYZER_NUMBER_OBJECT_CONVERSION = YES_AGGRESSIVE;
				CLANG_CXX_LANGUAGE_STANDARD = "gnu++14";
				CLANG_CXX_LIBRARY = "libc++";
				CLANG_ENABLE_MODULES = YES;
				CLANG_ENABLE_OBJC_ARC = YES;
				CLANG_ENABLE_OBJC_WEAK = YES;
				CLANG_WARN_BLOCK_CAPTURE_AUTORELEASING = YES;
				CLANG_WARN_BOOL_CONVERSION = YES;
				CLANG_WARN_COMMA = YES;
				CLANG_WARN_CONSTANT_CONVERSION = YES;
				CLANG_WARN_DEPRECATED_OBJC_IMPLEMENTATIONS = YES;
				CLANG_WARN_DIRECT_OBJC_ISA_USAGE = YES_ERROR;
				CLANG_WARN_DOCUMENTATION_COMMENTS = YES;
				CLANG_WARN_EMPTY_BODY = YES;
				CLANG_WARN_ENUM_CONVERSION = YES;
				CLANG_WARN_INFINITE_RECURSION = YES;
				CLANG_WARN_INT_CONVERSION = YES;
				CLANG_WARN_NON_LITERAL_NULL_CONVERSION = YES;
				CLANG_WARN_OBJC_IMPLICIT_RETAIN_SELF = YES;
				CLANG_WARN_OBJC_LITERAL_CONVERSION = YES;
				CLANG_WARN_OBJC_ROOT_CLASS = YES_ERROR;
				CLANG_WARN_QUOTED_INCLUDE_IN_FRAMEWORK_HEADER = YES;
				CLANG_WARN_RANGE_LOOP_ANALYSIS = YES;
				CLANG_WARN_STRICT_PROTOTYPES = YES;
				CLANG_WARN_SUSPICIOUS_MOVE = YES;
				CLANG_WARN_UNGUARDED_AVAILABILITY = YES_AGGRESSIVE;
				CLANG_WARN_UNREACHABLE_CODE = YES;
				CLANG_WARN__DUPLICATE_METHOD_MATCH = YES;
				COPY_PHASE_STRIP = NO;
				DEBUG_INFORMATION_FORMAT = "dwarf-with-dsym";
				ENABLE_NS_ASSERTIONS = NO;
				ENABLE_STRICT_OBJC_MSGSEND = YES;
				GCC_C_LANGUAGE_STANDARD = gnu11;
				GCC_NO_COMMON_BLOCKS = YES;
				GCC_WARN_64_TO_32_BIT_CONVERSION = YES;
				GCC_WARN_ABOUT_RETURN_TYPE = YES_ERROR;
				GCC_WARN_UNDECLARED_SELECTOR = YES;
				GCC_WARN_UNINITIALIZED_AUTOS = YES_AGGRESSIVE;
				GCC_WARN_UNUSED_FUNCTION = YES;
				GCC_WARN_UNUSED_VARIABLE = YES;
				IPHONEOS_DEPLOYMENT_TARGET = 14.2;
				MTL_ENABLE_DEBUG_INFO = NO;
				MTL_FAST_MATH = YES;
				SDKROOT = iphoneos;
				SWIFT_COMPILATION_MODE = wholemodule;
				SWIFT_OPTIMIZATION_LEVEL = "-O";
				VALIDATE_PRODUCT = YES;
			};
			name = Release;
		};
		1CD01B9525815D2F009B7748 /* Debug */ = {
			isa = XCBuildConfiguration;
			buildSettings = {
				ASSETCATALOG_COMPILER_APPICON_NAME = AppIcon;
				ASSETCATALOG_COMPILER_GLOBAL_ACCENT_COLOR_NAME = AccentColor;
				CODE_SIGN_STYLE = Automatic;
				DEVELOPMENT_TEAM = "";
				INFOPLIST_FILE = chessKnight/Info.plist;
				LD_RUNPATH_SEARCH_PATHS = (
					"$(inherited)",
					"@executable_path/Frameworks",
				);
				PRODUCT_BUNDLE_IDENTIFIER = com.pg1999.chessKnight;
				PRODUCT_NAME = "$(TARGET_NAME)";
				SWIFT_VERSION = 5.0;
				TARGETED_DEVICE_FAMILY = "1,2";
			};
			name = Debug;
		};
		1CD01B9625815D2F009B7748 /* Release */ = {
			isa = XCBuildConfiguration;
			buildSettings = {
				ASSETCATALOG_COMPILER_APPICON_NAME = AppIcon;
				ASSETCATALOG_COMPILER_GLOBAL_ACCENT_COLOR_NAME = AccentColor;
				CODE_SIGN_STYLE = Automatic;
				DEVELOPMENT_TEAM = "";
				INFOPLIST_FILE = chessKnight/Info.plist;
				LD_RUNPATH_SEARCH_PATHS = (
					"$(inherited)",
					"@executable_path/Frameworks",
				);
				PRODUCT_BUNDLE_IDENTIFIER = com.pg1999.chessKnight;
				PRODUCT_NAME = "$(TARGET_NAME)";
				SWIFT_VERSION = 5.0;
				TARGETED_DEVICE_FAMILY = "1,2";
			};
			name = Release;
		};
		1CD01BCE258225F4009B7748 /* Debug */ = {
			isa = XCBuildConfiguration;
			buildSettings = {
				BUNDLE_LOADER = "$(TEST_HOST)";
				CODE_SIGN_STYLE = Automatic;
				INFOPLIST_FILE = chessKnightTests/Info.plist;
				LD_RUNPATH_SEARCH_PATHS = (
					"$(inherited)",
					"@executable_path/Frameworks",
					"@loader_path/Frameworks",
				);
				PRODUCT_BUNDLE_IDENTIFIER = com.pg1999.chessKnightTests;
				PRODUCT_NAME = "$(TARGET_NAME)";
				SWIFT_VERSION = 5.0;
				TARGETED_DEVICE_FAMILY = "1,2";
				TEST_HOST = "$(BUILT_PRODUCTS_DIR)/chessKnight.app/chessKnight";
			};
			name = Debug;
		};
		1CD01BCF258225F4009B7748 /* Release */ = {
			isa = XCBuildConfiguration;
			buildSettings = {
				BUNDLE_LOADER = "$(TEST_HOST)";
				CODE_SIGN_STYLE = Automatic;
				INFOPLIST_FILE = chessKnightTests/Info.plist;
				LD_RUNPATH_SEARCH_PATHS = (
					"$(inherited)",
					"@executable_path/Frameworks",
					"@loader_path/Frameworks",
				);
				PRODUCT_BUNDLE_IDENTIFIER = com.pg1999.chessKnightTests;
				PRODUCT_NAME = "$(TARGET_NAME)";
				SWIFT_VERSION = 5.0;
				TARGETED_DEVICE_FAMILY = "1,2";
				TEST_HOST = "$(BUILT_PRODUCTS_DIR)/chessKnight.app/chessKnight";
			};
			name = Release;
		};
/* End XCBuildConfiguration section */

/* Begin XCConfigurationList section */
		1CD01B7B25815D2C009B7748 /* Build configuration list for PBXProject "chessKnight" */ = {
			isa = XCConfigurationList;
			buildConfigurations = (
				1CD01B9225815D2F009B7748 /* Debug */,
				1CD01B9325815D2F009B7748 /* Release */,
			);
			defaultConfigurationIsVisible = 0;
			defaultConfigurationName = Release;
		};
		1CD01B9425815D2F009B7748 /* Build configuration list for PBXNativeTarget "chessKnight" */ = {
			isa = XCConfigurationList;
			buildConfigurations = (
				1CD01B9525815D2F009B7748 /* Debug */,
				1CD01B9625815D2F009B7748 /* Release */,
			);
			defaultConfigurationIsVisible = 0;
			defaultConfigurationName = Release;
		};
		1CD01BCD258225F4009B7748 /* Build configuration list for PBXNativeTarget "chessKnightTests" */ = {
			isa = XCConfigurationList;
			buildConfigurations = (
				1CD01BCE258225F4009B7748 /* Debug */,
				1CD01BCF258225F4009B7748 /* Release */,
			);
			defaultConfigurationIsVisible = 0;
			defaultConfigurationName = Release;
		};
/* End XCConfigurationList section */
	};
	rootObject = 1CD01B7825815D2C009B7748 /* Project object */;
}
